
Microsoft Visual Studio Solution File, Format Version 11.00
# Visual Studio 2010
Project("{FAE04EC0-301F-11D3-BF4B-00C04F79EFBC}") = "HelloSeaJS", "HelloSeaJS\HelloSeaJS.csproj", "{B4783477-D55C-4F03-9FA4-396449DE527B}"
EndProject
Global
	GlobalSection(SolutionConfigurationPlatforms) = preSolution
		Debug|Any CPU = Debug|Any CPU
		Release|Any CPU = Release|Any CPU
	EndGlobalSection
	GlobalSection(ProjectConfigurationPlatforms) = postSolution
		{B4783477-D55C-4F03-9FA4-396449DE527B}.Debug|Any CPU.ActiveCfg = Debug|Any CPU
		{B4783477-D55C-4F03-9FA4-396449DE527B}.Debug|Any CPU.Build.0 = Debug|Any CPU
		{B4783477-D55C-4F03-9FA4-396449DE527B}.Release|Any CPU.ActiveCfg = Release|Any CPU
		{B4783477-D55C-4F03-9FA4-396449DE527B}.Release|Any CPU.Build.0 = Release|Any CPU
	EndGlobalSection
	GlobalSection(SolutionProperties) = preSolution
		HideSolutionNode = FALSE
	EndGlobalSection
EndGlobal
